
Microsoft Visual Studio Solution File, Format Version 12.00
# Visual Studio Version 17
VisualStudioVersion = 17.7.34024.191
MinimumVisualStudioVersion = 10.0.40219.1
Project("{FAE04EC0-301F-11D3-BF4B-00C04F79EFBC}") = "parcial2", "parcial2\parcial2.csproj", "{B8E14FA0-F3BE-431B-94C4-D9772AA4CEDF}"
EndProject
Global
	GlobalSection(SolutionConfigurationPlatforms) = preSolution
		Debug|Any CPU = Debug|Any CPU
		Release|Any CPU = Release|Any CPU
	EndGlobalSection
	GlobalSection(ProjectConfigurationPlatforms) = postSolution
		{B8E14FA0-F3BE-431B-94C4-D9772AA4CEDF}.Debug|Any CPU.ActiveCfg = Debug|Any CPU
		{B8E14FA0-F3BE-431B-94C4-D9772AA4CEDF}.Debug|Any CPU.Build.0 = Debug|Any CPU
		{B8E14FA0-F3BE-431B-94C4-D9772AA4CEDF}.Release|Any CPU.ActiveCfg = Release|Any CPU
		{B8E14FA0-F3BE-431B-94C4-D9772AA4CEDF}.Release|Any CPU.Build.0 = Release|Any CPU
	EndGlobalSection
	GlobalSection(SolutionProperties) = preSolution
		HideSolutionNode = FALSE
	EndGlobalSection
	GlobalSection(ExtensibilityGlobals) = postSolution
		SolutionGuid = {ABAE4073-F527-44DA-8F65-8FA406B2C3A2}
	EndGlobalSection
EndGlobal
